
Microsoft Visual Studio Solution File, Format Version 12.00
# Visual Studio 14
VisualStudioVersion = 14.0.25420.1
MinimumVisualStudioVersion = 10.0.40219.1
Project("{FAE04EC0-301F-11D3-BF4B-00C04F79EFBC}") = "DoctorWebASP", "DoctorWebASP\DoctorWebASP.csproj", "{01B39127-E8E6-4B8E-A237-EE4DC9FEBB09}"
EndProject
Project("{FAE04EC0-301F-11D3-BF4B-00C04F79EFBC}") = "DoctorWebServiciosWCF", "DoctorWebServiciosWCF\DoctorWebServiciosWCF.csproj", "{3D0059C1-13FC-4B21-9316-182DC3743056}"
EndProject
Project("{FAE04EC0-301F-11D3-BF4B-00C04F79EFBC}") = "ReportesUnitTest", "ReportesUnitTest\ReportesUnitTest.csproj", "{0229834E-C65C-4DEC-93D1-4E6E17A84D00}"
EndProject
Global
	GlobalSection(SolutionConfigurationPlatforms) = preSolution
		Debug|Any CPU = Debug|Any CPU
		Release|Any CPU = Release|Any CPU
	EndGlobalSection
	GlobalSection(ProjectConfigurationPlatforms) = postSolution
		{01B39127-E8E6-4B8E-A237-EE4DC9FEBB09}.Debug|Any CPU.ActiveCfg = Debug|Any CPU
		{01B39127-E8E6-4B8E-A237-EE4DC9FEBB09}.Debug|Any CPU.Build.0 = Debug|Any CPU
		{01B39127-E8E6-4B8E-A237-EE4DC9FEBB09}.Release|Any CPU.ActiveCfg = Release|Any CPU
		{01B39127-E8E6-4B8E-A237-EE4DC9FEBB09}.Release|Any CPU.Build.0 = Release|Any CPU
		{3D0059C1-13FC-4B21-9316-182DC3743056}.Debug|Any CPU.ActiveCfg = Debug|Any CPU
		{3D0059C1-13FC-4B21-9316-182DC3743056}.Debug|Any CPU.Build.0 = Debug|Any CPU
		{3D0059C1-13FC-4B21-9316-182DC3743056}.Release|Any CPU.ActiveCfg = Release|Any CPU
		{3D0059C1-13FC-4B21-9316-182DC3743056}.Release|Any CPU.Build.0 = Release|Any CPU
		{0229834E-C65C-4DEC-93D1-4E6E17A84D00}.Debug|Any CPU.ActiveCfg = Debug|Any CPU
		{0229834E-C65C-4DEC-93D1-4E6E17A84D00}.Debug|Any CPU.Build.0 = Debug|Any CPU
		{0229834E-C65C-4DEC-93D1-4E6E17A84D00}.Release|Any CPU.ActiveCfg = Release|Any CPU
		{0229834E-C65C-4DEC-93D1-4E6E17A84D00}.Release|Any CPU.Build.0 = Release|Any CPU
	EndGlobalSection
	GlobalSection(SolutionProperties) = preSolution
		HideSolutionNode = FALSE
	EndGlobalSection
EndGlobal
